{
    "requires": true,
    "lockfileVersion": 1,
    "dependencies": {
        "gmaps": {
            "version": "0.4.24",
            "resolved": "https://registry.npmjs.org/gmaps/-/gmaps-0.4.24.tgz",
            "integrity": "sha1-B/IvDPw+TjJJiVD/r9fKY1/8EAw="
        },
        "jquery": {
            "version": "3.4.1",
            "resolved": "https://registry.npmjs.org/jquery/-/jquery-3.4.1.tgz",
            "integrity": "sha512-36+AdBzCL+y6qjw5Tx7HgzeGCzC81MDDgaUP8ld2zhx58HdqXGoBd+tHdrBMiyjGQs0Hxs/MLZTu/eHNJJuWPw==",
            "dev": true
        }
    }
}
